PODS:
  - Alamofire (4.9.1)
  - RIBs (0.9.3):
    - RxRelay (~> 5.0)
    - RxSwift (~> 5.0)
  - RxCocoa (5.0.1):
    - RxRelay (~> 5)
    - RxSwift (~> 5)
  - RxRelay (5.0.1):
    - RxSwift (~> 5)
  - RxSwift (5.0.1)
  - SnapKit (5.0.1)

DEPENDENCIES:
  - Alamofire
  - RIBs (from `RIBsLib`)
  - RxCocoa (~> 5.0.0)
  - SnapKit

SPEC REPOS:
  trunk:
    - Alamofire
    - RxCocoa
    - RxRelay
    - RxSwift
    - SnapKit

EXTERNAL SOURCES:
  RIBs:
    :path: RIBsLib

SPEC CHECKSUMS:
  Alamofire: 85e8a02c69d6020a0d734f6054870d7ecb75cf18
  RIBs: d3df8feb809bef2e9584eec50d12099fbfb4fbd4
  RxCocoa: e741b9749968e8a143e2b787f1dfbff2b63d0a5c
  RxRelay: 89d54507f4fd4d969e6ec1d4bd7f3673640b4640
  RxSwift: e2dc62b366a3adf6a0be44ba9f405efd4c94e0c4
  SnapKit: 97b92857e3df3a0c71833cce143274bf6ef8e5eb

PODFILE CHECKSUM: 4819d1de591ed9741ddd2fb908501bbaf706c9f4

COCOAPODS: 1.8.3
