PODS:
  - Alamofire (4.9.1)
  - Kingfisher (5.13.0):
    - Kingfisher/Core (= 5.13.0)
  - Kingfisher/Core (5.13.0)
  - lottie-ios (3.1.6)
  - RIBs (0.9.3):
    - RxRelay (~> 5.0)
    - RxSwift (~> 5.0)
  - RxAlamofire (5.1.0):
    - RxAlamofire/Core (= 5.1.0)
  - RxAlamofire/Core (5.1.0):
    - Alamofire (~> 4.8)
    - RxSwift (~> 5.0)
  - RxCocoa (5.0.1):
    - RxRelay (~> 5)
    - RxSwift (~> 5)
  - RxRelay (5.0.1):
    - RxSwift (~> 5)
  - RxSwift (5.0.1)
  - SnapKit (5.0.1)
  - SwiftyJSON (5.0.0)

DEPENDENCIES:
  - Alamofire (~> 4.8)
  - Kingfisher
  - lottie-ios
  - RIBs (from `RIBsLib`)
  - RxAlamofire
  - RxCocoa (~> 5.0.0)
  - RxSwift (~> 5.0.0)
  - SnapKit
  - SwiftyJSON

SPEC REPOS:
  trunk:
    - Alamofire
    - Kingfisher
    - lottie-ios
    - RxAlamofire
    - RxCocoa
    - RxRelay
    - RxSwift
    - SnapKit
    - SwiftyJSON

EXTERNAL SOURCES:
  RIBs:
    :path: RIBsLib

SPEC CHECKSUMS:
  Alamofire: 85e8a02c69d6020a0d734f6054870d7ecb75cf18
  Kingfisher: 0d334cada987fcddbe9b5cec516406e1ee9d4748
  lottie-ios: 85ce835dd8c53e02509f20729fc7d6a4e6645a0a
  RIBs: d3df8feb809bef2e9584eec50d12099fbfb4fbd4
  RxAlamofire: a2d7621de4c23a0c6e7b476b504acc32838ee341
  RxCocoa: e741b9749968e8a143e2b787f1dfbff2b63d0a5c
  RxRelay: 89d54507f4fd4d969e6ec1d4bd7f3673640b4640
  RxSwift: e2dc62b366a3adf6a0be44ba9f405efd4c94e0c4
  SnapKit: 97b92857e3df3a0c71833cce143274bf6ef8e5eb
  SwiftyJSON: 36413e04c44ee145039d332b4f4e2d3e8d6c4db7

PODFILE CHECKSUM: 44b7e0c32861c850d564829a032b992368fa4521

COCOAPODS: 1.8.3
