// !$*UTF8*$!
{
	archiveVersion = 1;
	classes = {
	};
	objectVersion = 51;
	objects = {

/* Begin PBXBuildFile section */
		A1247D61D4534C82FFB7C348 /* Pods_CoinCraft.framework in Frameworks */ = {isa = PBXBuildFile; fileRef = 94077D681E1915432A16CF1F /* Pods_CoinCraft.framework */; };
		EF6AADDD23F3C07700262644 /* NewsCardCell.swift in Sources */ = {isa = PBXBuildFile; fileRef = EF6AADDB23F3C07700262644 /* NewsCardCell.swift */; };
		EF6AADDE23F3C07700262644 /* NewsCardCell.xib in Resources */ = {isa = PBXBuildFile; fileRef = EF6AADDC23F3C07700262644 /* NewsCardCell.xib */; };
		EF6AADE423F53A3B00262644 /* AboutTableViewCell.swift in Sources */ = {isa = PBXBuildFile; fileRef = EF6AADE223F53A3B00262644 /* AboutTableViewCell.swift */; };
		EF6AADE523F53A3B00262644 /* AboutTableViewCell.xib in Resources */ = {isa = PBXBuildFile; fileRef = EF6AADE323F53A3B00262644 /* AboutTableViewCell.xib */; };
		EF6AADED23F554A500262644 /* VersionRouter.swift in Sources */ = {isa = PBXBuildFile; fileRef = EF6AADE823F554A500262644 /* VersionRouter.swift */; };
		EF6AADEE23F554A500262644 /* VersionViewController.swift in Sources */ = {isa = PBXBuildFile; fileRef = EF6AADE923F554A500262644 /* VersionViewController.swift */; };
		EF6AADEF23F554A500262644 /* VersionBuilder.swift in Sources */ = {isa = PBXBuildFile; fileRef = EF6AADEA23F554A500262644 /* VersionBuilder.swift */; };
		EF6AADF023F554A500262644 /* VersionInteractor.swift in Sources */ = {isa = PBXBuildFile; fileRef = EF6AADEB23F554A500262644 /* VersionInteractor.swift */; };
		EF6AADF123F554A500262644 /* VersionViewController.xib in Resources */ = {isa = PBXBuildFile; fileRef = EF6AADEC23F554A500262644 /* VersionViewController.xib */; };
		EF6AADF723F554B800262644 /* OpenSourceRouter.swift in Sources */ = {isa = PBXBuildFile; fileRef = EF6AADF223F554B800262644 /* OpenSourceRouter.swift */; };
		EF6AADF823F554B800262644 /* OpenSourceViewController.swift in Sources */ = {isa = PBXBuildFile; fileRef = EF6AADF323F554B800262644 /* OpenSourceViewController.swift */; };
		EF6AADF923F554B800262644 /* OpenSourceBuilder.swift in Sources */ = {isa = PBXBuildFile; fileRef = EF6AADF423F554B800262644 /* OpenSourceBuilder.swift */; };
		EF6AADFA23F554B800262644 /* OpenSourceInteractor.swift in Sources */ = {isa = PBXBuildFile; fileRef = EF6AADF523F554B800262644 /* OpenSourceInteractor.swift */; };
		EF6AADFB23F554B800262644 /* OpenSourceViewController.xib in Resources */ = {isa = PBXBuildFile; fileRef = EF6AADF623F554B800262644 /* OpenSourceViewController.xib */; };
		EF6AADFE23F5595400262644 /* OpenSource.swift in Sources */ = {isa = PBXBuildFile; fileRef = EF6AADFD23F5595400262644 /* OpenSource.swift */; };
		EF6AAE0223F5599600262644 /* Apache2.0.txt in Resources */ = {isa = PBXBuildFile; fileRef = EF6AAE0023F5599600262644 /* Apache2.0.txt */; };
		EF6AAE0323F5599600262644 /* MIT.txt in Resources */ = {isa = PBXBuildFile; fileRef = EF6AAE0123F5599600262644 /* MIT.txt */; };
		EF6AAE0723F559C400262644 /* OpenSourceCell.swift in Sources */ = {isa = PBXBuildFile; fileRef = EF6AAE0523F559C400262644 /* OpenSourceCell.swift */; };
		EF6AAE0823F559C400262644 /* OpenSourceCell.xib in Resources */ = {isa = PBXBuildFile; fileRef = EF6AAE0623F559C400262644 /* OpenSourceCell.xib */; };
		EF6AAE0F23F66B8000262644 /* LicenseTextRouter.swift in Sources */ = {isa = PBXBuildFile; fileRef = EF6AAE0A23F66B8000262644 /* LicenseTextRouter.swift */; };
		EF6AAE1023F66B8000262644 /* LicenseTextViewController.swift in Sources */ = {isa = PBXBuildFile; fileRef = EF6AAE0B23F66B8000262644 /* LicenseTextViewController.swift */; };
		EF6AAE1123F66B8000262644 /* LicenseTextBuilder.swift in Sources */ = {isa = PBXBuildFile; fileRef = EF6AAE0C23F66B8000262644 /* LicenseTextBuilder.swift */; };
		EF6AAE1223F66B8000262644 /* LicenseTextInteractor.swift in Sources */ = {isa = PBXBuildFile; fileRef = EF6AAE0D23F66B8000262644 /* LicenseTextInteractor.swift */; };
		EF6AAE1323F66B8000262644 /* LicenseTextViewController.xib in Resources */ = {isa = PBXBuildFile; fileRef = EF6AAE0E23F66B8000262644 /* LicenseTextViewController.xib */; };
		EF6AAE6923FB8B2C00262644 /* OpenSourceStream.swift in Sources */ = {isa = PBXBuildFile; fileRef = EF6AAE6823FB8B2C00262644 /* OpenSourceStream.swift */; };
		EF880B4523E274B600068CEC /* AppDelegate.swift in Sources */ = {isa = PBXBuildFile; fileRef = EF880B4423E274B600068CEC /* AppDelegate.swift */; };
		EF880B4E23E274BA00068CEC /* Assets.xcassets in Resources */ = {isa = PBXBuildFile; fileRef = EF880B4D23E274BA00068CEC /* Assets.xcassets */; };
		EF880B5123E274BA00068CEC /* LaunchScreen.storyboard in Resources */ = {isa = PBXBuildFile; fileRef = EF880B4F23E274BA00068CEC /* LaunchScreen.storyboard */; };
		EF880B5B23E2A41B00068CEC /* AppComponent.swift in Sources */ = {isa = PBXBuildFile; fileRef = EF880B5A23E2A41B00068CEC /* AppComponent.swift */; };
		EF880B6223E2A43F00068CEC /* RootRouter.swift in Sources */ = {isa = PBXBuildFile; fileRef = EF880B5E23E2A43F00068CEC /* RootRouter.swift */; };
		EF880B6323E2A43F00068CEC /* RootViewController.swift in Sources */ = {isa = PBXBuildFile; fileRef = EF880B5F23E2A43F00068CEC /* RootViewController.swift */; };
		EF880B6423E2A43F00068CEC /* RootBuilder.swift in Sources */ = {isa = PBXBuildFile; fileRef = EF880B6023E2A43F00068CEC /* RootBuilder.swift */; };
		EF880B6523E2A43F00068CEC /* RootInteractor.swift in Sources */ = {isa = PBXBuildFile; fileRef = EF880B6123E2A43F00068CEC /* RootInteractor.swift */; };
		EF880B7623E2AD3E00068CEC /* UINavigationController+.swift in Sources */ = {isa = PBXBuildFile; fileRef = EF880B7523E2AD3E00068CEC /* UINavigationController+.swift */; };
		EF880B7C23E2B59F00068CEC /* CoinRouter.swift in Sources */ = {isa = PBXBuildFile; fileRef = EF880B7723E2B59F00068CEC /* CoinRouter.swift */; };
		EF880B7D23E2B59F00068CEC /* CoinViewController.swift in Sources */ = {isa = PBXBuildFile; fileRef = EF880B7823E2B59F00068CEC /* CoinViewController.swift */; };
		EF880B7E23E2B59F00068CEC /* CoinBuilder.swift in Sources */ = {isa = PBXBuildFile; fileRef = EF880B7923E2B59F00068CEC /* CoinBuilder.swift */; };
		EF880B7F23E2B59F00068CEC /* CoinInteractor.swift in Sources */ = {isa = PBXBuildFile; fileRef = EF880B7A23E2B59F00068CEC /* CoinInteractor.swift */; };
		EF880B8023E2B59F00068CEC /* CoinViewController.xib in Resources */ = {isa = PBXBuildFile; fileRef = EF880B7B23E2B59F00068CEC /* CoinViewController.xib */; };
		EF880B8623E2B5AD00068CEC /* GeneralRouter.swift in Sources */ = {isa = PBXBuildFile; fileRef = EF880B8123E2B5AD00068CEC /* GeneralRouter.swift */; };
		EF880B8723E2B5AD00068CEC /* GeneralViewController.swift in Sources */ = {isa = PBXBuildFile; fileRef = EF880B8223E2B5AD00068CEC /* GeneralViewController.swift */; };
		EF880B8823E2B5AD00068CEC /* GeneralBuilder.swift in Sources */ = {isa = PBXBuildFile; fileRef = EF880B8323E2B5AD00068CEC /* GeneralBuilder.swift */; };
		EF880B8923E2B5AD00068CEC /* GeneralInteractor.swift in Sources */ = {isa = PBXBuildFile; fileRef = EF880B8423E2B5AD00068CEC /* GeneralInteractor.swift */; };
		EF880B8A23E2B5AD00068CEC /* GeneralViewController.xib in Resources */ = {isa = PBXBuildFile; fileRef = EF880B8523E2B5AD00068CEC /* GeneralViewController.xib */; };
		EF880B9023E2B5BA00068CEC /* AboutRouter.swift in Sources */ = {isa = PBXBuildFile; fileRef = EF880B8B23E2B5BA00068CEC /* AboutRouter.swift */; };
		EF880B9123E2B5BA00068CEC /* AboutViewController.swift in Sources */ = {isa = PBXBuildFile; fileRef = EF880B8C23E2B5BA00068CEC /* AboutViewController.swift */; };
		EF880B9223E2B5BA00068CEC /* AboutBuilder.swift in Sources */ = {isa = PBXBuildFile; fileRef = EF880B8D23E2B5BA00068CEC /* AboutBuilder.swift */; };
		EF880B9323E2B5BA00068CEC /* AboutInteractor.swift in Sources */ = {isa = PBXBuildFile; fileRef = EF880B8E23E2B5BA00068CEC /* AboutInteractor.swift */; };
		EF880B9423E2B5BA00068CEC /* AboutViewController.xib in Resources */ = {isa = PBXBuildFile; fileRef = EF880B8F23E2B5BA00068CEC /* AboutViewController.xib */; };
		EF880BAC23E2C9E600068CEC /* TabbarInnerView.swift in Sources */ = {isa = PBXBuildFile; fileRef = EF880BAB23E2C9E600068CEC /* TabbarInnerView.swift */; };
		EF880BAE23E2CA7700068CEC /* CoinAdapter.swift in Sources */ = {isa = PBXBuildFile; fileRef = EF880BAD23E2CA7700068CEC /* CoinAdapter.swift */; };
		EF880BB023E2CA8100068CEC /* GeneralAdapter.swift in Sources */ = {isa = PBXBuildFile; fileRef = EF880BAF23E2CA8100068CEC /* GeneralAdapter.swift */; };
		EF880BB223E2CA8D00068CEC /* AboutAdapter.swift in Sources */ = {isa = PBXBuildFile; fileRef = EF880BB123E2CA8D00068CEC /* AboutAdapter.swift */; };
		EF880BE623E3FDC600068CEC /* MainRouter.swift in Sources */ = {isa = PBXBuildFile; fileRef = EF880BE123E3FDC600068CEC /* MainRouter.swift */; };
		EF880BE723E3FDC600068CEC /* MainViewController.swift in Sources */ = {isa = PBXBuildFile; fileRef = EF880BE223E3FDC600068CEC /* MainViewController.swift */; };
		EF880BE823E3FDC600068CEC /* MainBuilder.swift in Sources */ = {isa = PBXBuildFile; fileRef = EF880BE323E3FDC600068CEC /* MainBuilder.swift */; };
		EF880BE923E3FDC600068CEC /* MainInteractor.swift in Sources */ = {isa = PBXBuildFile; fileRef = EF880BE423E3FDC600068CEC /* MainInteractor.swift */; };
		EF880BEA23E3FDC600068CEC /* MainViewController.xib in Resources */ = {isa = PBXBuildFile; fileRef = EF880BE523E3FDC600068CEC /* MainViewController.xib */; };
		EF880BF023E435A000068CEC /* SegmentInnerView.swift in Sources */ = {isa = PBXBuildFile; fileRef = EF880BEF23E435A000068CEC /* SegmentInnerView.swift */; };
		EF880BF223E435B400068CEC /* NewsAdapter.swift in Sources */ = {isa = PBXBuildFile; fileRef = EF880BF123E435B400068CEC /* NewsAdapter.swift */; };
		EF880BF423E435C000068CEC /* SocialAdapter.swift in Sources */ = {isa = PBXBuildFile; fileRef = EF880BF323E435C000068CEC /* SocialAdapter.swift */; };
		EF880BFA23E7EFD700068CEC /* CoinTableViewCell.swift in Sources */ = {isa = PBXBuildFile; fileRef = EF880BF823E7EFD700068CEC /* CoinTableViewCell.swift */; };
		EF880BFB23E7EFD700068CEC /* CoinTableViewCell.xib in Resources */ = {isa = PBXBuildFile; fileRef = EF880BF923E7EFD700068CEC /* CoinTableViewCell.xib */; };
		EF880BFF23E7F33B00068CEC /* NetworkService.swift in Sources */ = {isa = PBXBuildFile; fileRef = EF880BFE23E7F33B00068CEC /* NetworkService.swift */; };
		EF880C0123E7F5F600068CEC /* CoinRepository.swift in Sources */ = {isa = PBXBuildFile; fileRef = EF880C0023E7F5F600068CEC /* CoinRepository.swift */; };
		EF880C0323E7F77F00068CEC /* CoinModel.swift in Sources */ = {isa = PBXBuildFile; fileRef = EF880C0223E7F77F00068CEC /* CoinModel.swift */; };
		EF880C0523E7F82C00068CEC /* CoinViewModel.swift in Sources */ = {isa = PBXBuildFile; fileRef = EF880C0423E7F82C00068CEC /* CoinViewModel.swift */; };
		EF880C0823E9039700068CEC /* NormalLoading.json in Resources */ = {isa = PBXBuildFile; fileRef = EF880C0723E9039700068CEC /* NormalLoading.json */; };
		EF880C0B23E9045A00068CEC /* IndicatorView.swift in Sources */ = {isa = PBXBuildFile; fileRef = EF880C0A23E9045A00068CEC /* IndicatorView.swift */; };
		EF880C0D23E914D900068CEC /* UIViewController+.swift in Sources */ = {isa = PBXBuildFile; fileRef = EF880C0C23E914D900068CEC /* UIViewController+.swift */; };
		EF880C0F23E94DC100068CEC /* Double+.swift in Sources */ = {isa = PBXBuildFile; fileRef = EF880C0E23E94DC100068CEC /* Double+.swift */; };
		EF880C1623E9652700068CEC /* CoinDetailRouter.swift in Sources */ = {isa = PBXBuildFile; fileRef = EF880C1123E9652700068CEC /* CoinDetailRouter.swift */; };
		EF880C1723E9652700068CEC /* CoinDetailViewController.swift in Sources */ = {isa = PBXBuildFile; fileRef = EF880C1223E9652700068CEC /* CoinDetailViewController.swift */; };
		EF880C1823E9652700068CEC /* CoinDetailBuilder.swift in Sources */ = {isa = PBXBuildFile; fileRef = EF880C1323E9652700068CEC /* CoinDetailBuilder.swift */; };
		EF880C1923E9652700068CEC /* CoinDetailInteractor.swift in Sources */ = {isa = PBXBuildFile; fileRef = EF880C1423E9652700068CEC /* CoinDetailInteractor.swift */; };
		EF880C1A23E9652700068CEC /* CoinDetailViewController.xib in Resources */ = {isa = PBXBuildFile; fileRef = EF880C1523E9652700068CEC /* CoinDetailViewController.xib */; };
		EF880C3023ED4DBA00068CEC /* LaunchLoading.json in Resources */ = {isa = PBXBuildFile; fileRef = EF880C2F23ED4DBA00068CEC /* LaunchLoading.json */; };
		EF880C3323ED526A00068CEC /* Global.swift in Sources */ = {isa = PBXBuildFile; fileRef = EF880C3223ED526A00068CEC /* Global.swift */; };
		EF880C3823F2438400068CEC /* CoinDetailFirstHeaderCell.swift in Sources */ = {isa = PBXBuildFile; fileRef = EF880C3623F2438400068CEC /* CoinDetailFirstHeaderCell.swift */; };
		EF880C3923F2438400068CEC /* CoinDetailFirstHeaderCell.xib in Resources */ = {isa = PBXBuildFile; fileRef = EF880C3723F2438400068CEC /* CoinDetailFirstHeaderCell.xib */; };
		EF880C3C23F2439800068CEC /* CoinDetailOtherHeaderCell.swift in Sources */ = {isa = PBXBuildFile; fileRef = EF880C3A23F2439800068CEC /* CoinDetailOtherHeaderCell.swift */; };
		EF880C3D23F2439800068CEC /* CoinDetailOtherHeaderCell.xib in Resources */ = {isa = PBXBuildFile; fileRef = EF880C3B23F2439800068CEC /* CoinDetailOtherHeaderCell.xib */; };
		EF880C4023F243AE00068CEC /* CoinDetailTextViewCell.swift in Sources */ = {isa = PBXBuildFile; fileRef = EF880C3E23F243AE00068CEC /* CoinDetailTextViewCell.swift */; };
		EF880C4123F243AE00068CEC /* CoinDetailTextViewCell.xib in Resources */ = {isa = PBXBuildFile; fileRef = EF880C3F23F243AE00068CEC /* CoinDetailTextViewCell.xib */; };
		EF880C4323F2542A00068CEC /* String+.swift in Sources */ = {isa = PBXBuildFile; fileRef = EF880C4223F2542A00068CEC /* String+.swift */; };
		EF880C4523F2756200068CEC /* UIViewCustom.swift in Sources */ = {isa = PBXBuildFile; fileRef = EF880C4423F2756200068CEC /* UIViewCustom.swift */; };
		EF880C4723F2791B00068CEC /* UIColor+.swift in Sources */ = {isa = PBXBuildFile; fileRef = EF880C4623F2791B00068CEC /* UIColor+.swift */; };
		EF880C4C23F2A22400068CEC /* GeneralRepository.swift in Sources */ = {isa = PBXBuildFile; fileRef = EF880C4B23F2A22400068CEC /* GeneralRepository.swift */; };
		EF880C4E23F2A28300068CEC /* GeneralModel.swift in Sources */ = {isa = PBXBuildFile; fileRef = EF880C4D23F2A28300068CEC /* GeneralModel.swift */; };
		EF880C5023F2A29400068CEC /* GeneralViewModel.swift in Sources */ = {isa = PBXBuildFile; fileRef = EF880C4F23F2A29400068CEC /* GeneralViewModel.swift */; };
		EF880C5823F2B50800068CEC /* NewsRouter.swift in Sources */ = {isa = PBXBuildFile; fileRef = EF880C5323F2B50800068CEC /* NewsRouter.swift */; };
		EF880C5923F2B50800068CEC /* NewsViewController.swift in Sources */ = {isa = PBXBuildFile; fileRef = EF880C5423F2B50800068CEC /* NewsViewController.swift */; };
		EF880C5A23F2B50800068CEC /* NewsBuilder.swift in Sources */ = {isa = PBXBuildFile; fileRef = EF880C5523F2B50800068CEC /* NewsBuilder.swift */; };
		EF880C5B23F2B50800068CEC /* NewsInteractor.swift in Sources */ = {isa = PBXBuildFile; fileRef = EF880C5623F2B50800068CEC /* NewsInteractor.swift */; };
		EF880C5C23F2B50800068CEC /* NewsViewController.xib in Resources */ = {isa = PBXBuildFile; fileRef = EF880C5723F2B50800068CEC /* NewsViewController.xib */; };
		EF880C6223F2B51700068CEC /* SocialRouter.swift in Sources */ = {isa = PBXBuildFile; fileRef = EF880C5D23F2B51700068CEC /* SocialRouter.swift */; };
		EF880C6323F2B51700068CEC /* SocialViewController.swift in Sources */ = {isa = PBXBuildFile; fileRef = EF880C5E23F2B51700068CEC /* SocialViewController.swift */; };
		EF880C6423F2B51700068CEC /* SocialBuilder.swift in Sources */ = {isa = PBXBuildFile; fileRef = EF880C5F23F2B51700068CEC /* SocialBuilder.swift */; };
		EF880C6523F2B51700068CEC /* SocialInteractor.swift in Sources */ = {isa = PBXBuildFile; fileRef = EF880C6023F2B51700068CEC /* SocialInteractor.swift */; };
		EF880C6623F2B51700068CEC /* SocialViewController.xib in Resources */ = {isa = PBXBuildFile; fileRef = EF880C6123F2B51700068CEC /* SocialViewController.xib */; };
/* End PBXBuildFile section */

/* Begin PBXFileReference section */
		4ADE484C571EF9362CBDB08A /* Pods-CoinCraft.debug.xcconfig */ = {isa = PBXFileReference; includeInIndex = 1; lastKnownFileType = text.xcconfig; name = "Pods-CoinCraft.debug.xcconfig"; path = "Target Support Files/Pods-CoinCraft/Pods-CoinCraft.debug.xcconfig"; sourceTree = "<group>"; };
		94077D681E1915432A16CF1F /* Pods_CoinCraft.framework */ = {isa = PBXFileReference; explicitFileType = wrapper.framework; includeInIndex = 0; path = Pods_CoinCraft.framework; sourceTree = BUILT_PRODUCTS_DIR; };
		B73D05DDD8698613CC3A6377 /* Pods-CoinCraft.release.xcconfig */ = {isa = PBXFileReference; includeInIndex = 1; lastKnownFileType = text.xcconfig; name = "Pods-CoinCraft.release.xcconfig"; path = "Target Support Files/Pods-CoinCraft/Pods-CoinCraft.release.xcconfig"; sourceTree = "<group>"; };
		EF6AADDB23F3C07700262644 /* NewsCardCell.swift */ = {isa = PBXFileReference; lastKnownFileType = sourcecode.swift; path = NewsCardCell.swift; sourceTree = "<group>"; };
		EF6AADDC23F3C07700262644 /* NewsCardCell.xib */ = {isa = PBXFileReference; lastKnownFileType = file.xib; path = NewsCardCell.xib; sourceTree = "<group>"; };
		EF6AADE223F53A3B00262644 /* AboutTableViewCell.swift */ = {isa = PBXFileReference; lastKnownFileType = sourcecode.swift; path = AboutTableViewCell.swift; sourceTree = "<group>"; };
		EF6AADE323F53A3B00262644 /* AboutTableViewCell.xib */ = {isa = PBXFileReference; lastKnownFileType = file.xib; path = AboutTableViewCell.xib; sourceTree = "<group>"; };
		EF6AADE823F554A500262644 /* VersionRouter.swift */ = {isa = PBXFileReference; lastKnownFileType = sourcecode.swift; path = VersionRouter.swift; sourceTree = "<group>"; };
		EF6AADE923F554A500262644 /* VersionViewController.swift */ = {isa = PBXFileReference; lastKnownFileType = sourcecode.swift; path = VersionViewController.swift; sourceTree = "<group>"; };
		EF6AADEA23F554A500262644 /* VersionBuilder.swift */ = {isa = PBXFileReference; lastKnownFileType = sourcecode.swift; path = VersionBuilder.swift; sourceTree = "<group>"; };
		EF6AADEB23F554A500262644 /* VersionInteractor.swift */ = {isa = PBXFileReference; lastKnownFileType = sourcecode.swift; path = VersionInteractor.swift; sourceTree = "<group>"; };
		EF6AADEC23F554A500262644 /* VersionViewController.xib */ = {isa = PBXFileReference; lastKnownFileType = file.xib; path = VersionViewController.xib; sourceTree = "<group>"; };
		EF6AADF223F554B800262644 /* OpenSourceRouter.swift */ = {isa = PBXFileReference; lastKnownFileType = sourcecode.swift; path = OpenSourceRouter.swift; sourceTree = "<group>"; };
		EF6AADF323F554B800262644 /* OpenSourceViewController.swift */ = {isa = PBXFileReference; lastKnownFileType = sourcecode.swift; path = OpenSourceViewController.swift; sourceTree = "<group>"; };
		EF6AADF423F554B800262644 /* OpenSourceBuilder.swift */ = {isa = PBXFileReference; lastKnownFileType = sourcecode.swift; path = OpenSourceBuilder.swift; sourceTree = "<group>"; };
		EF6AADF523F554B800262644 /* OpenSourceInteractor.swift */ = {isa = PBXFileReference; lastKnownFileType = sourcecode.swift; path = OpenSourceInteractor.swift; sourceTree = "<group>"; };
		EF6AADF623F554B800262644 /* OpenSourceViewController.xib */ = {isa = PBXFileReference; lastKnownFileType = file.xib; path = OpenSourceViewController.xib; sourceTree = "<group>"; };
		EF6AADFD23F5595400262644 /* OpenSource.swift */ = {isa = PBXFileReference; lastKnownFileType = sourcecode.swift; path = OpenSource.swift; sourceTree = "<group>"; };
		EF6AAE0023F5599600262644 /* Apache2.0.txt */ = {isa = PBXFileReference; fileEncoding = 4; lastKnownFileType = text; path = Apache2.0.txt; sourceTree = "<group>"; };
		EF6AAE0123F5599600262644 /* MIT.txt */ = {isa = PBXFileReference; fileEncoding = 4; lastKnownFileType = text; path = MIT.txt; sourceTree = "<group>"; };
		EF6AAE0523F559C400262644 /* OpenSourceCell.swift */ = {isa = PBXFileReference; lastKnownFileType = sourcecode.swift; path = OpenSourceCell.swift; sourceTree = "<group>"; };
		EF6AAE0623F559C400262644 /* OpenSourceCell.xib */ = {isa = PBXFileReference; lastKnownFileType = file.xib; path = OpenSourceCell.xib; sourceTree = "<group>"; };
		EF6AAE0A23F66B8000262644 /* LicenseTextRouter.swift */ = {isa = PBXFileReference; lastKnownFileType = sourcecode.swift; path = LicenseTextRouter.swift; sourceTree = "<group>"; };
		EF6AAE0B23F66B8000262644 /* LicenseTextViewController.swift */ = {isa = PBXFileReference; lastKnownFileType = sourcecode.swift; path = LicenseTextViewController.swift; sourceTree = "<group>"; };
		EF6AAE0C23F66B8000262644 /* LicenseTextBuilder.swift */ = {isa = PBXFileReference; lastKnownFileType = sourcecode.swift; path = LicenseTextBuilder.swift; sourceTree = "<group>"; };
		EF6AAE0D23F66B8000262644 /* LicenseTextInteractor.swift */ = {isa = PBXFileReference; lastKnownFileType = sourcecode.swift; path = LicenseTextInteractor.swift; sourceTree = "<group>"; };
		EF6AAE0E23F66B8000262644 /* LicenseTextViewController.xib */ = {isa = PBXFileReference; lastKnownFileType = file.xib; path = LicenseTextViewController.xib; sourceTree = "<group>"; };
		EF6AAE6823FB8B2C00262644 /* OpenSourceStream.swift */ = {isa = PBXFileReference; lastKnownFileType = sourcecode.swift; path = OpenSourceStream.swift; sourceTree = "<group>"; };
		EF880B4123E274B600068CEC /* CoinCraft.app */ = {isa = PBXFileReference; explicitFileType = wrapper.application; includeInIndex = 0; path = CoinCraft.app; sourceTree = BUILT_PRODUCTS_DIR; };
		EF880B4423E274B600068CEC /* AppDelegate.swift */ = {isa = PBXFileReference; lastKnownFileType = sourcecode.swift; path = AppDelegate.swift; sourceTree = "<group>"; };
		EF880B4D23E274BA00068CEC /* Assets.xcassets */ = {isa = PBXFileReference; lastKnownFileType = folder.assetcatalog; path = Assets.xcassets; sourceTree = "<group>"; };
		EF880B5023E274BA00068CEC /* Base */ = {isa = PBXFileReference; lastKnownFileType = file.storyboard; name = Base; path = Base.lproj/LaunchScreen.storyboard; sourceTree = "<group>"; };
		EF880B5223E274BA00068CEC /* Info.plist */ = {isa = PBXFileReference; lastKnownFileType = text.plist.xml; path = Info.plist; sourceTree = "<group>"; };
		EF880B5A23E2A41B00068CEC /* AppComponent.swift */ = {isa = PBXFileReference; lastKnownFileType = sourcecode.swift; path = AppComponent.swift; sourceTree = "<group>"; };
		EF880B5E23E2A43F00068CEC /* RootRouter.swift */ = {isa = PBXFileReference; lastKnownFileType = sourcecode.swift; path = RootRouter.swift; sourceTree = "<group>"; };
		EF880B5F23E2A43F00068CEC /* RootViewController.swift */ = {isa = PBXFileReference; lastKnownFileType = sourcecode.swift; path = RootViewController.swift; sourceTree = "<group>"; };
		EF880B6023E2A43F00068CEC /* RootBuilder.swift */ = {isa = PBXFileReference; lastKnownFileType = sourcecode.swift; path = RootBuilder.swift; sourceTree = "<group>"; };
		EF880B6123E2A43F00068CEC /* RootInteractor.swift */ = {isa = PBXFileReference; lastKnownFileType = sourcecode.swift; path = RootInteractor.swift; sourceTree = "<group>"; };
		EF880B7523E2AD3E00068CEC /* UINavigationController+.swift */ = {isa = PBXFileReference; lastKnownFileType = sourcecode.swift; path = "UINavigationController+.swift"; sourceTree = "<group>"; };
		EF880B7723E2B59F00068CEC /* CoinRouter.swift */ = {isa = PBXFileReference; lastKnownFileType = sourcecode.swift; path = CoinRouter.swift; sourceTree = "<group>"; };
		EF880B7823E2B59F00068CEC /* CoinViewController.swift */ = {isa = PBXFileReference; lastKnownFileType = sourcecode.swift; path = CoinViewController.swift; sourceTree = "<group>"; };
		EF880B7923E2B59F00068CEC /* CoinBuilder.swift */ = {isa = PBXFileReference; lastKnownFileType = sourcecode.swift; path = CoinBuilder.swift; sourceTree = "<group>"; };
		EF880B7A23E2B59F00068CEC /* CoinInteractor.swift */ = {isa = PBXFileReference; lastKnownFileType = sourcecode.swift; path = CoinInteractor.swift; sourceTree = "<group>"; };
		EF880B7B23E2B59F00068CEC /* CoinViewController.xib */ = {isa = PBXFileReference; lastKnownFileType = file.xib; path = CoinViewController.xib; sourceTree = "<group>"; };
		EF880B8123E2B5AD00068CEC /* GeneralRouter.swift */ = {isa = PBXFileReference; lastKnownFileType = sourcecode.swift; path = GeneralRouter.swift; sourceTree = "<group>"; };
		EF880B8223E2B5AD00068CEC /* GeneralViewController.swift */ = {isa = PBXFileReference; lastKnownFileType = sourcecode.swift; path = GeneralViewController.swift; sourceTree = "<group>"; };
		EF880B8323E2B5AD00068CEC /* GeneralBuilder.swift */ = {isa = PBXFileReference; lastKnownFileType = sourcecode.swift; path = GeneralBuilder.swift; sourceTree = "<group>"; };
		EF880B8423E2B5AD00068CEC /* GeneralInteractor.swift */ = {isa = PBXFileReference; lastKnownFileType = sourcecode.swift; path = GeneralInteractor.swift; sourceTree = "<group>"; };
		EF880B8523E2B5AD00068CEC /* GeneralViewController.xib */ = {isa = PBXFileReference; lastKnownFileType = file.xib; path = GeneralViewController.xib; sourceTree = "<group>"; };
		EF880B8B23E2B5BA00068CEC /* AboutRouter.swift */ = {isa = PBXFileReference; lastKnownFileType = sourcecode.swift; path = AboutRouter.swift; sourceTree = "<group>"; };
		EF880B8C23E2B5BA00068CEC /* AboutViewController.swift */ = {isa = PBXFileReference; lastKnownFileType = sourcecode.swift; path = AboutViewController.swift; sourceTree = "<group>"; };
		EF880B8D23E2B5BA00068CEC /* AboutBuilder.swift */ = {isa = PBXFileReference; lastKnownFileType = sourcecode.swift; path = AboutBuilder.swift; sourceTree = "<group>"; };
		EF880B8E23E2B5BA00068CEC /* AboutInteractor.swift */ = {isa = PBXFileReference; lastKnownFileType = sourcecode.swift; path = AboutInteractor.swift; sourceTree = "<group>"; };
		EF880B8F23E2B5BA00068CEC /* AboutViewController.xib */ = {isa = PBXFileReference; lastKnownFileType = file.xib; path = AboutViewController.xib; sourceTree = "<group>"; };
		EF880BAB23E2C9E600068CEC /* TabbarInnerView.swift */ = {isa = PBXFileReference; lastKnownFileType = sourcecode.swift; path = TabbarInnerView.swift; sourceTree = "<group>"; };
		EF880BAD23E2CA7700068CEC /* CoinAdapter.swift */ = {isa = PBXFileReference; lastKnownFileType = sourcecode.swift; path = CoinAdapter.swift; sourceTree = "<group>"; };
		EF880BAF23E2CA8100068CEC /* GeneralAdapter.swift */ = {isa = PBXFileReference; lastKnownFileType = sourcecode.swift; path = GeneralAdapter.swift; sourceTree = "<group>"; };
		EF880BB123E2CA8D00068CEC /* AboutAdapter.swift */ = {isa = PBXFileReference; lastKnownFileType = sourcecode.swift; path = AboutAdapter.swift; sourceTree = "<group>"; };
		EF880BE123E3FDC600068CEC /* MainRouter.swift */ = {isa = PBXFileReference; lastKnownFileType = sourcecode.swift; path = MainRouter.swift; sourceTree = "<group>"; };
		EF880BE223E3FDC600068CEC /* MainViewController.swift */ = {isa = PBXFileReference; lastKnownFileType = sourcecode.swift; path = MainViewController.swift; sourceTree = "<group>"; };
		EF880BE323E3FDC600068CEC /* MainBuilder.swift */ = {isa = PBXFileReference; lastKnownFileType = sourcecode.swift; path = MainBuilder.swift; sourceTree = "<group>"; };
		EF880BE423E3FDC600068CEC /* MainInteractor.swift */ = {isa = PBXFileReference; lastKnownFileType = sourcecode.swift; path = MainInteractor.swift; sourceTree = "<group>"; };
		EF880BE523E3FDC600068CEC /* MainViewController.xib */ = {isa = PBXFileReference; lastKnownFileType = file.xib; path = MainViewController.xib; sourceTree = "<group>"; };
		EF880BEF23E435A000068CEC /* SegmentInnerView.swift */ = {isa = PBXFileReference; lastKnownFileType = sourcecode.swift; path = SegmentInnerView.swift; sourceTree = "<group>"; };
		EF880BF123E435B400068CEC /* NewsAdapter.swift */ = {isa = PBXFileReference; lastKnownFileType = sourcecode.swift; path = NewsAdapter.swift; sourceTree = "<group>"; };
		EF880BF323E435C000068CEC /* SocialAdapter.swift */ = {isa = PBXFileReference; lastKnownFileType = sourcecode.swift; path = SocialAdapter.swift; sourceTree = "<group>"; };
		EF880BF823E7EFD700068CEC /* CoinTableViewCell.swift */ = {isa = PBXFileReference; lastKnownFileType = sourcecode.swift; path = CoinTableViewCell.swift; sourceTree = "<group>"; };
		EF880BF923E7EFD700068CEC /* CoinTableViewCell.xib */ = {isa = PBXFileReference; lastKnownFileType = file.xib; path = CoinTableViewCell.xib; sourceTree = "<group>"; };
		EF880BFE23E7F33B00068CEC /* NetworkService.swift */ = {isa = PBXFileReference; lastKnownFileType = sourcecode.swift; path = NetworkService.swift; sourceTree = "<group>"; };
		EF880C0023E7F5F600068CEC /* CoinRepository.swift */ = {isa = PBXFileReference; lastKnownFileType = sourcecode.swift; path = CoinRepository.swift; sourceTree = "<group>"; };
		EF880C0223E7F77F00068CEC /* CoinModel.swift */ = {isa = PBXFileReference; lastKnownFileType = sourcecode.swift; path = CoinModel.swift; sourceTree = "<group>"; };
		EF880C0423E7F82C00068CEC /* CoinViewModel.swift */ = {isa = PBXFileReference; lastKnownFileType = sourcecode.swift; path = CoinViewModel.swift; sourceTree = "<group>"; };
		EF880C0723E9039700068CEC /* NormalLoading.json */ = {isa = PBXFileReference; fileEncoding = 4; lastKnownFileType = text.json; path = NormalLoading.json; sourceTree = "<group>"; };
		EF880C0A23E9045A00068CEC /* IndicatorView.swift */ = {isa = PBXFileReference; lastKnownFileType = sourcecode.swift; path = IndicatorView.swift; sourceTree = "<group>"; };
		EF880C0C23E914D900068CEC /* UIViewController+.swift */ = {isa = PBXFileReference; lastKnownFileType = sourcecode.swift; path = "UIViewController+.swift"; sourceTree = "<group>"; };
		EF880C0E23E94DC100068CEC /* Double+.swift */ = {isa = PBXFileReference; lastKnownFileType = sourcecode.swift; path = "Double+.swift"; sourceTree = "<group>"; };
		EF880C1123E9652700068CEC /* CoinDetailRouter.swift */ = {isa = PBXFileReference; lastKnownFileType = sourcecode.swift; path = CoinDetailRouter.swift; sourceTree = "<group>"; };
		EF880C1223E9652700068CEC /* CoinDetailViewController.swift */ = {isa = PBXFileReference; lastKnownFileType = sourcecode.swift; path = CoinDetailViewController.swift; sourceTree = "<group>"; };
		EF880C1323E9652700068CEC /* CoinDetailBuilder.swift */ = {isa = PBXFileReference; lastKnownFileType = sourcecode.swift; path = CoinDetailBuilder.swift; sourceTree = "<group>"; };
		EF880C1423E9652700068CEC /* CoinDetailInteractor.swift */ = {isa = PBXFileReference; lastKnownFileType = sourcecode.swift; path = CoinDetailInteractor.swift; sourceTree = "<group>"; };
		EF880C1523E9652700068CEC /* CoinDetailViewController.xib */ = {isa = PBXFileReference; lastKnownFileType = file.xib; path = CoinDetailViewController.xib; sourceTree = "<group>"; };
		EF880C2F23ED4DBA00068CEC /* LaunchLoading.json */ = {isa = PBXFileReference; fileEncoding = 4; lastKnownFileType = text.json; path = LaunchLoading.json; sourceTree = "<group>"; };
		EF880C3223ED526A00068CEC /* Global.swift */ = {isa = PBXFileReference; lastKnownFileType = sourcecode.swift; path = Global.swift; sourceTree = "<group>"; };
		EF880C3623F2438400068CEC /* CoinDetailFirstHeaderCell.swift */ = {isa = PBXFileReference; lastKnownFileType = sourcecode.swift; path = CoinDetailFirstHeaderCell.swift; sourceTree = "<group>"; };
		EF880C3723F2438400068CEC /* CoinDetailFirstHeaderCell.xib */ = {isa = PBXFileReference; lastKnownFileType = file.xib; path = CoinDetailFirstHeaderCell.xib; sourceTree = "<group>"; };
		EF880C3A23F2439800068CEC /* CoinDetailOtherHeaderCell.swift */ = {isa = PBXFileReference; lastKnownFileType = sourcecode.swift; path = CoinDetailOtherHeaderCell.swift; sourceTree = "<group>"; };
		EF880C3B23F2439800068CEC /* CoinDetailOtherHeaderCell.xib */ = {isa = PBXFileReference; lastKnownFileType = file.xib; path = CoinDetailOtherHeaderCell.xib; sourceTree = "<group>"; };
		EF880C3E23F243AE00068CEC /* CoinDetailTextViewCell.swift */ = {isa = PBXFileReference; lastKnownFileType = sourcecode.swift; path = CoinDetailTextViewCell.swift; sourceTree = "<group>"; };
		EF880C3F23F243AE00068CEC /* CoinDetailTextViewCell.xib */ = {isa = PBXFileReference; lastKnownFileType = file.xib; path = CoinDetailTextViewCell.xib; sourceTree = "<group>"; };
		EF880C4223F2542A00068CEC /* String+.swift */ = {isa = PBXFileReference; lastKnownFileType = sourcecode.swift; path = "String+.swift"; sourceTree = "<group>"; };
		EF880C4423F2756200068CEC /* UIViewCustom.swift */ = {isa = PBXFileReference; lastKnownFileType = sourcecode.swift; path = UIViewCustom.swift; sourceTree = "<group>"; };
		EF880C4623F2791B00068CEC /* UIColor+.swift */ = {isa = PBXFileReference; lastKnownFileType = sourcecode.swift; path = "UIColor+.swift"; sourceTree = "<group>"; };
		EF880C4B23F2A22400068CEC /* GeneralRepository.swift */ = {isa = PBXFileReference; lastKnownFileType = sourcecode.swift; path = GeneralRepository.swift; sourceTree = "<group>"; };
		EF880C4D23F2A28300068CEC /* GeneralModel.swift */ = {isa = PBXFileReference; lastKnownFileType = sourcecode.swift; path = GeneralModel.swift; sourceTree = "<group>"; };
		EF880C4F23F2A29400068CEC /* GeneralViewModel.swift */ = {isa = PBXFileReference; lastKnownFileType = sourcecode.swift; path = GeneralViewModel.swift; sourceTree = "<group>"; };
		EF880C5323F2B50800068CEC /* NewsRouter.swift */ = {isa = PBXFileReference; lastKnownFileType = sourcecode.swift; path = NewsRouter.swift; sourceTree = "<group>"; };
		EF880C5423F2B50800068CEC /* NewsViewController.swift */ = {isa = PBXFileReference; lastKnownFileType = sourcecode.swift; path = NewsViewController.swift; sourceTree = "<group>"; };
		EF880C5523F2B50800068CEC /* NewsBuilder.swift */ = {isa = PBXFileReference; lastKnownFileType = sourcecode.swift; path = NewsBuilder.swift; sourceTree = "<group>"; };
		EF880C5623F2B50800068CEC /* NewsInteractor.swift */ = {isa = PBXFileReference; lastKnownFileType = sourcecode.swift; path = NewsInteractor.swift; sourceTree = "<group>"; };
		EF880C5723F2B50800068CEC /* NewsViewController.xib */ = {isa = PBXFileReference; lastKnownFileType = file.xib; path = NewsViewController.xib; sourceTree = "<group>"; };
		EF880C5D23F2B51700068CEC /* SocialRouter.swift */ = {isa = PBXFileReference; lastKnownFileType = sourcecode.swift; path = SocialRouter.swift; sourceTree = "<group>"; };
		EF880C5E23F2B51700068CEC /* SocialViewController.swift */ = {isa = PBXFileReference; lastKnownFileType = sourcecode.swift; path = SocialViewController.swift; sourceTree = "<group>"; };
		EF880C5F23F2B51700068CEC /* SocialBuilder.swift */ = {isa = PBXFileReference; lastKnownFileType = sourcecode.swift; path = SocialBuilder.swift; sourceTree = "<group>"; };
		EF880C6023F2B51700068CEC /* SocialInteractor.swift */ = {isa = PBXFileReference; lastKnownFileType = sourcecode.swift; path = SocialInteractor.swift; sourceTree = "<group>"; };
		EF880C6123F2B51700068CEC /* SocialViewController.xib */ = {isa = PBXFileReference; lastKnownFileType = file.xib; path = SocialViewController.xib; sourceTree = "<group>"; };
/* End PBXFileReference section */

/* Begin PBXFrameworksBuildPhase section */
		EF880B3E23E274B600068CEC /* Frameworks */ = {
			isa = PBXFrameworksBuildPhase;
			buildActionMask = 2147483647;
			files = (
				A1247D61D4534C82FFB7C348 /* Pods_CoinCraft.framework in Frameworks */,
			);
			runOnlyForDeploymentPostprocessing = 0;
		};
/* End PBXFrameworksBuildPhase section */

/* Begin PBXGroup section */
		0F431A80B27CD0857F184EAC /* Pods */ = {
			isa = PBXGroup;
			children = (
				4ADE484C571EF9362CBDB08A /* Pods-CoinCraft.debug.xcconfig */,
				B73D05DDD8698613CC3A6377 /* Pods-CoinCraft.release.xcconfig */,
			);
			path = Pods;
			sourceTree = "<group>";
		};
		57C7FB96C1874696F97DA0BC /* Frameworks */ = {
			isa = PBXGroup;
			children = (
				94077D681E1915432A16CF1F /* Pods_CoinCraft.framework */,
			);
			name = Frameworks;
			sourceTree = "<group>";
		};
		EF6AADDA23F3C00700262644 /* View */ = {
			isa = PBXGroup;
			children = (
				EF6AADDB23F3C07700262644 /* NewsCardCell.swift */,
				EF6AADDC23F3C07700262644 /* NewsCardCell.xib */,
			);
			path = View;
			sourceTree = "<group>";
		};
		EF6AADE123F53A2900262644 /* View */ = {
			isa = PBXGroup;
			children = (
				EF6AADE223F53A3B00262644 /* AboutTableViewCell.swift */,
				EF6AADE323F53A3B00262644 /* AboutTableViewCell.xib */,
			);
			path = View;
			sourceTree = "<group>";
		};
		EF6AADE623F54E0900262644 /* OpenSource */ = {
			isa = PBXGroup;
			children = (
				EF6AADFF23F5598400262644 /* OpenSourceText */,
				EF6AAE0423F559AB00262644 /* View */,
				EF6AADFC23F5592000262644 /* ViewModel */,
				EF6AADF223F554B800262644 /* OpenSourceRouter.swift */,
				EF6AADF523F554B800262644 /* OpenSourceInteractor.swift */,
				EF6AADF423F554B800262644 /* OpenSourceBuilder.swift */,
				EF6AADF323F554B800262644 /* OpenSourceViewController.swift */,
				EF6AADF623F554B800262644 /* OpenSourceViewController.xib */,
			);
			path = OpenSource;
			sourceTree = "<group>";
		};
		EF6AADE723F54E1A00262644 /* Version */ = {
			isa = PBXGroup;
			children = (
				EF6AADE823F554A500262644 /* VersionRouter.swift */,
				EF6AADEB23F554A500262644 /* VersionInteractor.swift */,
				EF6AADEA23F554A500262644 /* VersionBuilder.swift */,
				EF6AADE923F554A500262644 /* VersionViewController.swift */,
				EF6AADEC23F554A500262644 /* VersionViewController.xib */,
			);
			path = Version;
			sourceTree = "<group>";
		};
		EF6AADFC23F5592000262644 /* ViewModel */ = {
			isa = PBXGroup;
			children = (
				EF6AADFD23F5595400262644 /* OpenSource.swift */,
				EF6AAE6823FB8B2C00262644 /* OpenSourceStream.swift */,
			);
			path = ViewModel;
			sourceTree = "<group>";
		};
		EF6AADFF23F5598400262644 /* OpenSourceText */ = {
			isa = PBXGroup;
			children = (
				EF6AAE0023F5599600262644 /* Apache2.0.txt */,
				EF6AAE0123F5599600262644 /* MIT.txt */,
			);
			path = OpenSourceText;
			sourceTree = "<group>";
		};
		EF6AAE0423F559AB00262644 /* View */ = {
			isa = PBXGroup;
			children = (
				EF6AAE0523F559C400262644 /* OpenSourceCell.swift */,
				EF6AAE0623F559C400262644 /* OpenSourceCell.xib */,
			);
			path = View;
			sourceTree = "<group>";
		};
		EF6AAE0923F66AFD00262644 /* LicenseText */ = {
			isa = PBXGroup;
			children = (
				EF6AAE0A23F66B8000262644 /* LicenseTextRouter.swift */,
				EF6AAE0D23F66B8000262644 /* LicenseTextInteractor.swift */,
				EF6AAE0C23F66B8000262644 /* LicenseTextBuilder.swift */,
				EF6AAE0B23F66B8000262644 /* LicenseTextViewController.swift */,
				EF6AAE0E23F66B8000262644 /* LicenseTextViewController.xib */,
			);
			path = LicenseText;
			sourceTree = "<group>";
		};
		EF6AAE1423F67D6700262644 /* Tabbar */ = {
			isa = PBXGroup;
			children = (
				EF880BAB23E2C9E600068CEC /* TabbarInnerView.swift */,
				EF880BAD23E2CA7700068CEC /* CoinAdapter.swift */,
				EF880BAF23E2CA8100068CEC /* GeneralAdapter.swift */,
				EF880BB123E2CA8D00068CEC /* AboutAdapter.swift */,
			);
			path = Tabbar;
			sourceTree = "<group>";
		};
		EF880B3823E274B600068CEC = {
			isa = PBXGroup;
			children = (
				EF880B4323E274B600068CEC /* CoinCraft */,
				EF880B4223E274B600068CEC /* Products */,
				0F431A80B27CD0857F184EAC /* Pods */,
				57C7FB96C1874696F97DA0BC /* Frameworks */,
			);
			sourceTree = "<group>";
		};
		EF880B4223E274B600068CEC /* Products */ = {
			isa = PBXGroup;
			children = (
				EF880B4123E274B600068CEC /* CoinCraft.app */,
			);
			name = Products;
			sourceTree = "<group>";
		};
		EF880B4323E274B600068CEC /* CoinCraft */ = {
			isa = PBXGroup;
			children = (
				EF880B5823E27A2200068CEC /* Resources */,
				EF880B7423E2AD2500068CEC /* Util */,
				EF880B5923E27A2F00068CEC /* AppStart */,
				EF880B5C23E2A42F00068CEC /* RIBs */,
			);
			path = CoinCraft;
			sourceTree = "<group>";
		};
		EF880B5823E27A2200068CEC /* Resources */ = {
			isa = PBXGroup;
			children = (
				EF880C0623E9037C00068CEC /* Lottie */,
				EF880B4D23E274BA00068CEC /* Assets.xcassets */,
				EF880B4F23E274BA00068CEC /* LaunchScreen.storyboard */,
				EF880B5223E274BA00068CEC /* Info.plist */,
			);
			path = Resources;
			sourceTree = "<group>";
		};
		EF880B5923E27A2F00068CEC /* AppStart */ = {
			isa = PBXGroup;
			children = (
				EF880B5A23E2A41B00068CEC /* AppComponent.swift */,
				EF880B4423E274B600068CEC /* AppDelegate.swift */,
			);
			path = AppStart;
			sourceTree = "<group>";
		};
		EF880B5C23E2A42F00068CEC /* RIBs */ = {
			isa = PBXGroup;
			children = (
				EF880B5D23E2A43500068CEC /* Root */,
				EF880B6923E2ABC100068CEC /* Main */,
				EF880B6623E2AB9700068CEC /* Coin */,
				EF880C1023E9651400068CEC /* CoinDetail */,
				EF880B6723E2ABA400068CEC /* General */,
				EF880C5123F2B4F400068CEC /* News */,
				EF880C5223F2B4F900068CEC /* Social */,
				EF880B6823E2ABAE00068CEC /* About */,
				EF6AADE723F54E1A00262644 /* Version */,
				EF6AADE623F54E0900262644 /* OpenSource */,
				EF6AAE0923F66AFD00262644 /* LicenseText */,
			);
			path = RIBs;
			sourceTree = "<group>";
		};
		EF880B5D23E2A43500068CEC /* Root */ = {
			isa = PBXGroup;
			children = (
				EF880B5E23E2A43F00068CEC /* RootRouter.swift */,
				EF880B6123E2A43F00068CEC /* RootInteractor.swift */,
				EF880B6023E2A43F00068CEC /* RootBuilder.swift */,
				EF880B5F23E2A43F00068CEC /* RootViewController.swift */,
			);
			path = Root;
			sourceTree = "<group>";
		};
		EF880B6623E2AB9700068CEC /* Coin */ = {
			isa = PBXGroup;
			children = (
				EF880BF723E7EFC500068CEC /* View */,
				EF880BF523E7EEA800068CEC /* Repository */,
				EF880BF623E7EEAE00068CEC /* ViewModel */,
				EF880B7723E2B59F00068CEC /* CoinRouter.swift */,
				EF880B7A23E2B59F00068CEC /* CoinInteractor.swift */,
				EF880B7923E2B59F00068CEC /* CoinBuilder.swift */,
				EF880B7823E2B59F00068CEC /* CoinViewController.swift */,
				EF880B7B23E2B59F00068CEC /* CoinViewController.xib */,
			);
			path = Coin;
			sourceTree = "<group>";
		};
		EF880B6723E2ABA400068CEC /* General */ = {
			isa = PBXGroup;
			children = (
				EF880C4923F2A1FC00068CEC /* Repository */,
				EF880C4A23F2A20900068CEC /* ViewModel */,
				EF880B8123E2B5AD00068CEC /* GeneralRouter.swift */,
				EF880B8423E2B5AD00068CEC /* GeneralInteractor.swift */,
				EF880B8323E2B5AD00068CEC /* GeneralBuilder.swift */,
				EF880B8223E2B5AD00068CEC /* GeneralViewController.swift */,
				EF880B8523E2B5AD00068CEC /* GeneralViewController.xib */,
				EF880BEF23E435A000068CEC /* SegmentInnerView.swift */,
				EF880BF123E435B400068CEC /* NewsAdapter.swift */,
				EF880BF323E435C000068CEC /* SocialAdapter.swift */,
			);
			path = General;
			sourceTree = "<group>";
		};
		EF880B6823E2ABAE00068CEC /* About */ = {
			isa = PBXGroup;
			children = (
				EF6AADE123F53A2900262644 /* View */,
				EF880B8B23E2B5BA00068CEC /* AboutRouter.swift */,
				EF880B8E23E2B5BA00068CEC /* AboutInteractor.swift */,
				EF880B8D23E2B5BA00068CEC /* AboutBuilder.swift */,
				EF880B8C23E2B5BA00068CEC /* AboutViewController.swift */,
				EF880B8F23E2B5BA00068CEC /* AboutViewController.xib */,
			);
			path = About;
			sourceTree = "<group>";
		};
		EF880B6923E2ABC100068CEC /* Main */ = {
			isa = PBXGroup;
			children = (
				EF6AAE1423F67D6700262644 /* Tabbar */,
				EF880BE123E3FDC600068CEC /* MainRouter.swift */,
				EF880BE423E3FDC600068CEC /* MainInteractor.swift */,
				EF880BE323E3FDC600068CEC /* MainBuilder.swift */,
				EF880BE223E3FDC600068CEC /* MainViewController.swift */,
				EF880BE523E3FDC600068CEC /* MainViewController.xib */,
			);
			path = Main;
			sourceTree = "<group>";
		};
		EF880B7423E2AD2500068CEC /* Util */ = {
			isa = PBXGroup;
			children = (
				EF880C0923E9044200068CEC /* View */,
				EF880BFD23E7F32100068CEC /* Network */,
				EF880BFC23E7F31900068CEC /* Extensions */,
				EF880C3123ED51BA00068CEC /* Singleton */,
			);
			path = Util;
			sourceTree = "<group>";
		};
		EF880BF523E7EEA800068CEC /* Repository */ = {
			isa = PBXGroup;
			children = (
				EF880C0023E7F5F600068CEC /* CoinRepository.swift */,
			);
			path = Repository;
			sourceTree = "<group>";
		};
		EF880BF623E7EEAE00068CEC /* ViewModel */ = {
			isa = PBXGroup;
			children = (
				EF880C0223E7F77F00068CEC /* CoinModel.swift */,
				EF880C0423E7F82C00068CEC /* CoinViewModel.swift */,
			);
			path = ViewModel;
			sourceTree = "<group>";
		};
		EF880BF723E7EFC500068CEC /* View */ = {
			isa = PBXGroup;
			children = (
				EF880BF823E7EFD700068CEC /* CoinTableViewCell.swift */,
				EF880BF923E7EFD700068CEC /* CoinTableViewCell.xib */,
			);
			path = View;
			sourceTree = "<group>";
		};
		EF880BFC23E7F31900068CEC /* Extensions */ = {
			isa = PBXGroup;
			children = (
				EF880B7523E2AD3E00068CEC /* UINavigationController+.swift */,
				EF880C0C23E914D900068CEC /* UIViewController+.swift */,
				EF880C0E23E94DC100068CEC /* Double+.swift */,
				EF880C4223F2542A00068CEC /* String+.swift */,
				EF880C4423F2756200068CEC /* UIViewCustom.swift */,
				EF880C4623F2791B00068CEC /* UIColor+.swift */,
			);
			path = Extensions;
			sourceTree = "<group>";
		};
		EF880BFD23E7F32100068CEC /* Network */ = {
			isa = PBXGroup;
			children = (
				EF880BFE23E7F33B00068CEC /* NetworkService.swift */,
			);
			path = Network;
			sourceTree = "<group>";
		};
		EF880C0623E9037C00068CEC /* Lottie */ = {
			isa = PBXGroup;
			children = (
				EF880C2F23ED4DBA00068CEC /* LaunchLoading.json */,
				EF880C0723E9039700068CEC /* NormalLoading.json */,
			);
			path = Lottie;
			sourceTree = "<group>";
		};
		EF880C0923E9044200068CEC /* View */ = {
			isa = PBXGroup;
			children = (
				EF880C0A23E9045A00068CEC /* IndicatorView.swift */,
			);
			path = View;
			sourceTree = "<group>";
		};
		EF880C1023E9651400068CEC /* CoinDetail */ = {
			isa = PBXGroup;
			children = (
				EF880C3523F2430C00068CEC /* View */,
				EF880C1123E9652700068CEC /* CoinDetailRouter.swift */,
				EF880C1423E9652700068CEC /* CoinDetailInteractor.swift */,
				EF880C1323E9652700068CEC /* CoinDetailBuilder.swift */,
				EF880C1223E9652700068CEC /* CoinDetailViewController.swift */,
				EF880C1523E9652700068CEC /* CoinDetailViewController.xib */,
			);
			path = CoinDetail;
			sourceTree = "<group>";
		};
		EF880C3123ED51BA00068CEC /* Singleton */ = {
			isa = PBXGroup;
			children = (
				EF880C3223ED526A00068CEC /* Global.swift */,
			);
			path = Singleton;
			sourceTree = "<group>";
		};
		EF880C3523F2430C00068CEC /* View */ = {
			isa = PBXGroup;
			children = (
				EF880C3623F2438400068CEC /* CoinDetailFirstHeaderCell.swift */,
				EF880C3723F2438400068CEC /* CoinDetailFirstHeaderCell.xib */,
				EF880C3A23F2439800068CEC /* CoinDetailOtherHeaderCell.swift */,
				EF880C3B23F2439800068CEC /* CoinDetailOtherHeaderCell.xib */,
				EF880C3E23F243AE00068CEC /* CoinDetailTextViewCell.swift */,
				EF880C3F23F243AE00068CEC /* CoinDetailTextViewCell.xib */,
			);
			path = View;
			sourceTree = "<group>";
		};
		EF880C4923F2A1FC00068CEC /* Repository */ = {
			isa = PBXGroup;
			children = (
				EF880C4B23F2A22400068CEC /* GeneralRepository.swift */,
			);
			path = Repository;
			sourceTree = "<group>";
		};
		EF880C4A23F2A20900068CEC /* ViewModel */ = {
			isa = PBXGroup;
			children = (
				EF880C4D23F2A28300068CEC /* GeneralModel.swift */,
				EF880C4F23F2A29400068CEC /* GeneralViewModel.swift */,
			);
			path = ViewModel;
			sourceTree = "<group>";
		};
		EF880C5123F2B4F400068CEC /* News */ = {
			isa = PBXGroup;
			children = (
				EF6AADDA23F3C00700262644 /* View */,
				EF880C5323F2B50800068CEC /* NewsRouter.swift */,
				EF880C5623F2B50800068CEC /* NewsInteractor.swift */,
				EF880C5523F2B50800068CEC /* NewsBuilder.swift */,
				EF880C5423F2B50800068CEC /* NewsViewController.swift */,
				EF880C5723F2B50800068CEC /* NewsViewController.xib */,
			);
			path = News;
			sourceTree = "<group>";
		};
		EF880C5223F2B4F900068CEC /* Social */ = {
			isa = PBXGroup;
			children = (
				EF880C5D23F2B51700068CEC /* SocialRouter.swift */,
				EF880C6023F2B51700068CEC /* SocialInteractor.swift */,
				EF880C5F23F2B51700068CEC /* SocialBuilder.swift */,
				EF880C5E23F2B51700068CEC /* SocialViewController.swift */,
				EF880C6123F2B51700068CEC /* SocialViewController.xib */,
			);
			path = Social;
			sourceTree = "<group>";
		};
/* End PBXGroup section */

/* Begin PBXNativeTarget section */
		EF880B4023E274B600068CEC /* CoinCraft */ = {
			isa = PBXNativeTarget;
			buildConfigurationList = EF880B5523E274BA00068CEC /* Build configuration list for PBXNativeTarget "CoinCraft" */;
			buildPhases = (
				379372FCF97ECD8D09A1CEEB /* [CP] Check Pods Manifest.lock */,
				EF880B3D23E274B600068CEC /* Sources */,
				EF880B3E23E274B600068CEC /* Frameworks */,
				EF880B3F23E274B600068CEC /* Resources */,
				F94810E365474182C66BEAFD /* [CP] Embed Pods Frameworks */,
			);
			buildRules = (
			);
			dependencies = (
			);
			name = CoinCraft;
			productName = CoinCraft;
			productReference = EF880B4123E274B600068CEC /* CoinCraft.app */;
			productType = "com.apple.product-type.application";
		};
/* End PBXNativeTarget section */

/* Begin PBXProject section */
		EF880B3923E274B600068CEC /* Project object */ = {
			isa = PBXProject;
			attributes = {
				LastSwiftUpdateCheck = 1120;
				LastUpgradeCheck = 1120;
				ORGANIZATIONNAME = Buxi;
				TargetAttributes = {
					EF880B4023E274B600068CEC = {
						CreatedOnToolsVersion = 11.2.1;
					};
				};
			};
			buildConfigurationList = EF880B3C23E274B600068CEC /* Build configuration list for PBXProject "CoinCraft" */;
			compatibilityVersion = "Xcode 9.3";
			developmentRegion = en;
			hasScannedForEncodings = 0;
			knownRegions = (
				en,
				Base,
			);
			mainGroup = EF880B3823E274B600068CEC;
			productRefGroup = EF880B4223E274B600068CEC /* Products */;
			projectDirPath = "";
			projectRoot = "";
			targets = (
				EF880B4023E274B600068CEC /* CoinCraft */,
			);
		};
/* End PBXProject section */

/* Begin PBXResourcesBuildPhase section */
		EF880B3F23E274B600068CEC /* Resources */ = {
			isa = PBXResourcesBuildPhase;
			buildActionMask = 2147483647;
			files = (
				EF6AAE0823F559C400262644 /* OpenSourceCell.xib in Resources */,
				EF880B5123E274BA00068CEC /* LaunchScreen.storyboard in Resources */,
				EF6AADF123F554A500262644 /* VersionViewController.xib in Resources */,
				EF880C3023ED4DBA00068CEC /* LaunchLoading.json in Resources */,
				EF880C0823E9039700068CEC /* NormalLoading.json in Resources */,
				EF880C5C23F2B50800068CEC /* NewsViewController.xib in Resources */,
				EF6AAE1323F66B8000262644 /* LicenseTextViewController.xib in Resources */,
				EF6AADE523F53A3B00262644 /* AboutTableViewCell.xib in Resources */,
				EF6AAE0323F5599600262644 /* MIT.txt in Resources */,
				EF880B4E23E274BA00068CEC /* Assets.xcassets in Resources */,
				EF880BEA23E3FDC600068CEC /* MainViewController.xib in Resources */,
				EF880C4123F243AE00068CEC /* CoinDetailTextViewCell.xib in Resources */,
				EF6AAE0223F5599600262644 /* Apache2.0.txt in Resources */,
				EF880C3923F2438400068CEC /* CoinDetailFirstHeaderCell.xib in Resources */,
				EF6AADDE23F3C07700262644 /* NewsCardCell.xib in Resources */,
				EF880B8023E2B59F00068CEC /* CoinViewController.xib in Resources */,
				EF880C6623F2B51700068CEC /* SocialViewController.xib in Resources */,
				EF880B9423E2B5BA00068CEC /* AboutViewController.xib in Resources */,
				EF880B8A23E2B5AD00068CEC /* GeneralViewController.xib in Resources */,
				EF880C1A23E9652700068CEC /* CoinDetailViewController.xib in Resources */,
				EF880BFB23E7EFD700068CEC /* CoinTableViewCell.xib in Resources */,
				EF880C3D23F2439800068CEC /* CoinDetailOtherHeaderCell.xib in Resources */,
				EF6AADFB23F554B800262644 /* OpenSourceViewController.xib in Resources */,
			);
			runOnlyForDeploymentPostprocessing = 0;
		};
/* End PBXResourcesBuildPhase section */

/* Begin PBXShellScriptBuildPhase section */
		379372FCF97ECD8D09A1CEEB /* [CP] Check Pods Manifest.lock */ = {
			isa = PBXShellScriptBuildPhase;
			buildActionMask = 2147483647;
			files = (
			);
			inputFileListPaths = (
			);
			inputPaths = (
				"${PODS_PODFILE_DIR_PATH}/Podfile.lock",
				"${PODS_ROOT}/Manifest.lock",
			);
			name = "[CP] Check Pods Manifest.lock";
			outputFileListPaths = (
			);
			outputPaths = (
				"$(DERIVED_FILE_DIR)/Pods-CoinCraft-checkManifestLockResult.txt",
			);
			runOnlyForDeploymentPostprocessing = 0;
			shellPath = /bin/sh;
			shellScript = "diff \"${PODS_PODFILE_DIR_PATH}/Podfile.lock\" \"${PODS_ROOT}/Manifest.lock\" > /dev/null\nif [ $? != 0 ] ; then\n    # print error to STDERR\n    echo \"error: The sandbox is not in sync with the Podfile.lock. Run 'pod install' or update your CocoaPods installation.\" >&2\n    exit 1\nfi\n# This output is used by Xcode 'outputs' to avoid re-running this script phase.\necho \"SUCCESS\" > \"${SCRIPT_OUTPUT_FILE_0}\"\n";
			showEnvVarsInLog = 0;
		};
		F94810E365474182C66BEAFD /* [CP] Embed Pods Frameworks */ = {
			isa = PBXShellScriptBuildPhase;
			buildActionMask = 2147483647;
			files = (
			);
			inputFileListPaths = (
				"${PODS_ROOT}/Target Support Files/Pods-CoinCraft/Pods-CoinCraft-frameworks-${CONFIGURATION}-input-files.xcfilelist",
			);
			name = "[CP] Embed Pods Frameworks";
			outputFileListPaths = (
				"${PODS_ROOT}/Target Support Files/Pods-CoinCraft/Pods-CoinCraft-frameworks-${CONFIGURATION}-output-files.xcfilelist",
			);
			runOnlyForDeploymentPostprocessing = 0;
			shellPath = /bin/sh;
			shellScript = "\"${PODS_ROOT}/Target Support Files/Pods-CoinCraft/Pods-CoinCraft-frameworks.sh\"\n";
			showEnvVarsInLog = 0;
		};
/* End PBXShellScriptBuildPhase section */

/* Begin PBXSourcesBuildPhase section */
		EF880B3D23E274B600068CEC /* Sources */ = {
			isa = PBXSourcesBuildPhase;
			buildActionMask = 2147483647;
			files = (
				EF880C1923E9652700068CEC /* CoinDetailInteractor.swift in Sources */,
				EF880C4523F2756200068CEC /* UIViewCustom.swift in Sources */,
				EF880C4023F243AE00068CEC /* CoinDetailTextViewCell.swift in Sources */,
				EF880BAE23E2CA7700068CEC /* CoinAdapter.swift in Sources */,
				EF880B7623E2AD3E00068CEC /* UINavigationController+.swift in Sources */,
				EF880B9223E2B5BA00068CEC /* AboutBuilder.swift in Sources */,
				EF880BF223E435B400068CEC /* NewsAdapter.swift in Sources */,
				EF880C1723E9652700068CEC /* CoinDetailViewController.swift in Sources */,
				EF880C4323F2542A00068CEC /* String+.swift in Sources */,
				EF880B6523E2A43F00068CEC /* RootInteractor.swift in Sources */,
				EF880B9323E2B5BA00068CEC /* AboutInteractor.swift in Sources */,
				EF6AADFE23F5595400262644 /* OpenSource.swift in Sources */,
				EF880C3823F2438400068CEC /* CoinDetailFirstHeaderCell.swift in Sources */,
				EF6AAE1223F66B8000262644 /* LicenseTextInteractor.swift in Sources */,
				EF880C4723F2791B00068CEC /* UIColor+.swift in Sources */,
				EF880BF023E435A000068CEC /* SegmentInnerView.swift in Sources */,
				EF880C0123E7F5F600068CEC /* CoinRepository.swift in Sources */,
				EF880BFA23E7EFD700068CEC /* CoinTableViewCell.swift in Sources */,
				EF880C4E23F2A28300068CEC /* GeneralModel.swift in Sources */,
				EF6AAE1123F66B8000262644 /* LicenseTextBuilder.swift in Sources */,
				EF880BFF23E7F33B00068CEC /* NetworkService.swift in Sources */,
				EF880B9123E2B5BA00068CEC /* AboutViewController.swift in Sources */,
				EF6AADE423F53A3B00262644 /* AboutTableViewCell.swift in Sources */,
				EF880C6323F2B51700068CEC /* SocialViewController.swift in Sources */,
				EF880B4523E274B600068CEC /* AppDelegate.swift in Sources */,
				EF6AADEF23F554A500262644 /* VersionBuilder.swift in Sources */,
				EF880C5023F2A29400068CEC /* GeneralViewModel.swift in Sources */,
				EF880B8923E2B5AD00068CEC /* GeneralInteractor.swift in Sources */,
				EF880BE723E3FDC600068CEC /* MainViewController.swift in Sources */,
				EF6AAE1023F66B8000262644 /* LicenseTextViewController.swift in Sources */,
				EF880B8723E2B5AD00068CEC /* GeneralViewController.swift in Sources */,
				EF880BB023E2CA8100068CEC /* GeneralAdapter.swift in Sources */,
				EF6AADEE23F554A500262644 /* VersionViewController.swift in Sources */,
				EF6AADF023F554A500262644 /* VersionInteractor.swift in Sources */,
				EF6AAE6923FB8B2C00262644 /* OpenSourceStream.swift in Sources */,
				EF880B6223E2A43F00068CEC /* RootRouter.swift in Sources */,
				EF880BE623E3FDC600068CEC /* MainRouter.swift in Sources */,
				EF880BF423E435C000068CEC /* SocialAdapter.swift in Sources */,
				EF880BB223E2CA8D00068CEC /* AboutAdapter.swift in Sources */,
				EF880B8623E2B5AD00068CEC /* GeneralRouter.swift in Sources */,
				EF880BAC23E2C9E600068CEC /* TabbarInnerView.swift in Sources */,
				EF880B7D23E2B59F00068CEC /* CoinViewController.swift in Sources */,
				EF880C5B23F2B50800068CEC /* NewsInteractor.swift in Sources */,
				EF6AADF923F554B800262644 /* OpenSourceBuilder.swift in Sources */,
				EF880B6423E2A43F00068CEC /* RootBuilder.swift in Sources */,
				EF880B7E23E2B59F00068CEC /* CoinBuilder.swift in Sources */,
				EF6AAE0723F559C400262644 /* OpenSourceCell.swift in Sources */,
				EF880C1823E9652700068CEC /* CoinDetailBuilder.swift in Sources */,
				EF880C6223F2B51700068CEC /* SocialRouter.swift in Sources */,
				EF880C0F23E94DC100068CEC /* Double+.swift in Sources */,
				EF6AADF723F554B800262644 /* OpenSourceRouter.swift in Sources */,
				EF880C5823F2B50800068CEC /* NewsRouter.swift in Sources */,
				EF6AADDD23F3C07700262644 /* NewsCardCell.swift in Sources */,
				EF6AADFA23F554B800262644 /* OpenSourceInteractor.swift in Sources */,
				EF880C0D23E914D900068CEC /* UIViewController+.swift in Sources */,
				EF880B6323E2A43F00068CEC /* RootViewController.swift in Sources */,
				EF880B7F23E2B59F00068CEC /* CoinInteractor.swift in Sources */,
				EF880C6423F2B51700068CEC /* SocialBuilder.swift in Sources */,
				EF880C0323E7F77F00068CEC /* CoinModel.swift in Sources */,
				EF880C5A23F2B50800068CEC /* NewsBuilder.swift in Sources */,
				EF880C1623E9652700068CEC /* CoinDetailRouter.swift in Sources */,
				EF880C0B23E9045A00068CEC /* IndicatorView.swift in Sources */,
				EF6AAE0F23F66B8000262644 /* LicenseTextRouter.swift in Sources */,
				EF880B7C23E2B59F00068CEC /* CoinRouter.swift in Sources */,
				EF880C3C23F2439800068CEC /* CoinDetailOtherHeaderCell.swift in Sources */,
				EF880C0523E7F82C00068CEC /* CoinViewModel.swift in Sources */,
				EF880C6523F2B51700068CEC /* SocialInteractor.swift in Sources */,
				EF880C4C23F2A22400068CEC /* GeneralRepository.swift in Sources */,
				EF880BE823E3FDC600068CEC /* MainBuilder.swift in Sources */,
				EF880B9023E2B5BA00068CEC /* AboutRouter.swift in Sources */,
				EF880B5B23E2A41B00068CEC /* AppComponent.swift in Sources */,
				EF6AADED23F554A500262644 /* VersionRouter.swift in Sources */,
				EF6AADF823F554B800262644 /* OpenSourceViewController.swift in Sources */,
				EF880BE923E3FDC600068CEC /* MainInteractor.swift in Sources */,
				EF880B8823E2B5AD00068CEC /* GeneralBuilder.swift in Sources */,
				EF880C3323ED526A00068CEC /* Global.swift in Sources */,
				EF880C5923F2B50800068CEC /* NewsViewController.swift in Sources */,
			);
			runOnlyForDeploymentPostprocessing = 0;
		};
/* End PBXSourcesBuildPhase section */

/* Begin PBXVariantGroup section */
		EF880B4F23E274BA00068CEC /* LaunchScreen.storyboard */ = {
			isa = PBXVariantGroup;
			children = (
				EF880B5023E274BA00068CEC /* Base */,
			);
			name = LaunchScreen.storyboard;
			sourceTree = "<group>";
		};
/* End PBXVariantGroup section */

/* Begin XCBuildConfiguration section */
		EF880B5323E274BA00068CEC /* Debug */ = {
			isa = XCBuildConfiguration;
			buildSettings = {
				ALWAYS_SEARCH_USER_PATHS = NO;
				CLANG_ANALYZER_NONNULL = YES;
				CLANG_ANALYZER_NUMBER_OBJECT_CONVERSION = YES_AGGRESSIVE;
				CLANG_CXX_LANGUAGE_STANDARD = "gnu++14";
				CLANG_CXX_LIBRARY = "libc++";
				CLANG_ENABLE_MODULES = YES;
				CLANG_ENABLE_OBJC_ARC = YES;
				CLANG_ENABLE_OBJC_WEAK = YES;
				CLANG_WARN_BLOCK_CAPTURE_AUTORELEASING = YES;
				CLANG_WARN_BOOL_CONVERSION = YES;
				CLANG_WARN_COMMA = YES;
				CLANG_WARN_CONSTANT_CONVERSION = YES;
				CLANG_WARN_DEPRECATED_OBJC_IMPLEMENTATIONS = YES;
				CLANG_WARN_DIRECT_OBJC_ISA_USAGE = YES_ERROR;
				CLANG_WARN_DOCUMENTATION_COMMENTS = YES;
				CLANG_WARN_EMPTY_BODY = YES;
				CLANG_WARN_ENUM_CONVERSION = YES;
				CLANG_WARN_INFINITE_RECURSION = YES;
				CLANG_WARN_INT_CONVERSION = YES;
				CLANG_WARN_NON_LITERAL_NULL_CONVERSION = YES;
				CLANG_WARN_OBJC_IMPLICIT_RETAIN_SELF = YES;
				CLANG_WARN_OBJC_LITERAL_CONVERSION = YES;
				CLANG_WARN_OBJC_ROOT_CLASS = YES_ERROR;
				CLANG_WARN_RANGE_LOOP_ANALYSIS = YES;
				CLANG_WARN_STRICT_PROTOTYPES = YES;
				CLANG_WARN_SUSPICIOUS_MOVE = YES;
				CLANG_WARN_UNGUARDED_AVAILABILITY = YES_AGGRESSIVE;
				CLANG_WARN_UNREACHABLE_CODE = YES;
				CLANG_WARN__DUPLICATE_METHOD_MATCH = YES;
				COPY_PHASE_STRIP = NO;
				DEBUG_INFORMATION_FORMAT = dwarf;
				ENABLE_STRICT_OBJC_MSGSEND = YES;
				ENABLE_TESTABILITY = YES;
				GCC_C_LANGUAGE_STANDARD = gnu11;
				GCC_DYNAMIC_NO_PIC = NO;
				GCC_NO_COMMON_BLOCKS = YES;
				GCC_OPTIMIZATION_LEVEL = 0;
				GCC_PREPROCESSOR_DEFINITIONS = (
					"DEBUG=1",
					"$(inherited)",
				);
				GCC_WARN_64_TO_32_BIT_CONVERSION = YES;
				GCC_WARN_ABOUT_RETURN_TYPE = YES_ERROR;
				GCC_WARN_UNDECLARED_SELECTOR = YES;
				GCC_WARN_UNINITIALIZED_AUTOS = YES_AGGRESSIVE;
				GCC_WARN_UNUSED_FUNCTION = YES;
				GCC_WARN_UNUSED_VARIABLE = YES;
				IPHONEOS_DEPLOYMENT_TARGET = 13.2;
				MTL_ENABLE_DEBUG_INFO = INCLUDE_SOURCE;
				MTL_FAST_MATH = YES;
				ONLY_ACTIVE_ARCH = YES;
				SDKROOT = iphoneos;
				SWIFT_ACTIVE_COMPILATION_CONDITIONS = DEBUG;
				SWIFT_OPTIMIZATION_LEVEL = "-Onone";
			};
			name = Debug;
		};
		EF880B5423E274BA00068CEC /* Release */ = {
			isa = XCBuildConfiguration;
			buildSettings = {
				ALWAYS_SEARCH_USER_PATHS = NO;
				CLANG_ANALYZER_NONNULL = YES;
				CLANG_ANALYZER_NUMBER_OBJECT_CONVERSION = YES_AGGRESSIVE;
				CLANG_CXX_LANGUAGE_STANDARD = "gnu++14";
				CLANG_CXX_LIBRARY = "libc++";
				CLANG_ENABLE_MODULES = YES;
				CLANG_ENABLE_OBJC_ARC = YES;
				CLANG_ENABLE_OBJC_WEAK = YES;
				CLANG_WARN_BLOCK_CAPTURE_AUTORELEASING = YES;
				CLANG_WARN_BOOL_CONVERSION = YES;
				CLANG_WARN_COMMA = YES;
				CLANG_WARN_CONSTANT_CONVERSION = YES;
				CLANG_WARN_DEPRECATED_OBJC_IMPLEMENTATIONS = YES;
				CLANG_WARN_DIRECT_OBJC_ISA_USAGE = YES_ERROR;
				CLANG_WARN_DOCUMENTATION_COMMENTS = YES;
				CLANG_WARN_EMPTY_BODY = YES;
				CLANG_WARN_ENUM_CONVERSION = YES;
				CLANG_WARN_INFINITE_RECURSION = YES;
				CLANG_WARN_INT_CONVERSION = YES;
				CLANG_WARN_NON_LITERAL_NULL_CONVERSION = YES;
				CLANG_WARN_OBJC_IMPLICIT_RETAIN_SELF = YES;
				CLANG_WARN_OBJC_LITERAL_CONVERSION = YES;
				CLANG_WARN_OBJC_ROOT_CLASS = YES_ERROR;
				CLANG_WARN_RANGE_LOOP_ANALYSIS = YES;
				CLANG_WARN_STRICT_PROTOTYPES = YES;
				CLANG_WARN_SUSPICIOUS_MOVE = YES;
				CLANG_WARN_UNGUARDED_AVAILABILITY = YES_AGGRESSIVE;
				CLANG_WARN_UNREACHABLE_CODE = YES;
				CLANG_WARN__DUPLICATE_METHOD_MATCH = YES;
				COPY_PHASE_STRIP = NO;
				DEBUG_INFORMATION_FORMAT = "dwarf-with-dsym";
				ENABLE_NS_ASSERTIONS = NO;
				ENABLE_STRICT_OBJC_MSGSEND = YES;
				GCC_C_LANGUAGE_STANDARD = gnu11;
				GCC_NO_COMMON_BLOCKS = YES;
				GCC_WARN_64_TO_32_BIT_CONVERSION = YES;
				GCC_WARN_ABOUT_RETURN_TYPE = YES_ERROR;
				GCC_WARN_UNDECLARED_SELECTOR = YES;
				GCC_WARN_UNINITIALIZED_AUTOS = YES_AGGRESSIVE;
				GCC_WARN_UNUSED_FUNCTION = YES;
				GCC_WARN_UNUSED_VARIABLE = YES;
				IPHONEOS_DEPLOYMENT_TARGET = 13.2;
				MTL_ENABLE_DEBUG_INFO = NO;
				MTL_FAST_MATH = YES;
				SDKROOT = iphoneos;
				SWIFT_COMPILATION_MODE = wholemodule;
				SWIFT_OPTIMIZATION_LEVEL = "-O";
				VALIDATE_PRODUCT = YES;
			};
			name = Release;
		};
		EF880B5623E274BA00068CEC /* Debug */ = {
			isa = XCBuildConfiguration;
			baseConfigurationReference = 4ADE484C571EF9362CBDB08A /* Pods-CoinCraft.debug.xcconfig */;
			buildSettings = {
				ASSETCATALOG_COMPILER_APPICON_NAME = AppIcon;
				CODE_SIGN_STYLE = Automatic;
				DEVELOPMENT_TEAM = HWLJK587ES;
				INFOPLIST_FILE = CoinCraft/Resources/Info.plist;
				LD_RUNPATH_SEARCH_PATHS = (
					"$(inherited)",
					"@executable_path/Frameworks",
				);
				PRODUCT_BUNDLE_IDENTIFIER = com.ryu.CoinCraft;
				PRODUCT_NAME = "$(TARGET_NAME)";
				SWIFT_VERSION = 5.0;
				TARGETED_DEVICE_FAMILY = "1,2";
			};
			name = Debug;
		};
		EF880B5723E274BA00068CEC /* Release */ = {
			isa = XCBuildConfiguration;
			baseConfigurationReference = B73D05DDD8698613CC3A6377 /* Pods-CoinCraft.release.xcconfig */;
			buildSettings = {
				ASSETCATALOG_COMPILER_APPICON_NAME = AppIcon;
				CODE_SIGN_STYLE = Automatic;
				DEVELOPMENT_TEAM = HWLJK587ES;
				INFOPLIST_FILE = CoinCraft/Resources/Info.plist;
				LD_RUNPATH_SEARCH_PATHS = (
					"$(inherited)",
					"@executable_path/Frameworks",
				);
				PRODUCT_BUNDLE_IDENTIFIER = com.ryu.CoinCraft;
				PRODUCT_NAME = "$(TARGET_NAME)";
				SWIFT_VERSION = 5.0;
				TARGETED_DEVICE_FAMILY = "1,2";
			};
			name = Release;
		};
/* End XCBuildConfiguration section */

/* Begin XCConfigurationList section */
		EF880B3C23E274B600068CEC /* Build configuration list for PBXProject "CoinCraft" */ = {
			isa = XCConfigurationList;
			buildConfigurations = (
				EF880B5323E274BA00068CEC /* Debug */,
				EF880B5423E274BA00068CEC /* Release */,
			);
			defaultConfigurationIsVisible = 0;
			defaultConfigurationName = Release;
		};
		EF880B5523E274BA00068CEC /* Build configuration list for PBXNativeTarget "CoinCraft" */ = {
			isa = XCConfigurationList;
			buildConfigurations = (
				EF880B5623E274BA00068CEC /* Debug */,
				EF880B5723E274BA00068CEC /* Release */,
			);
			defaultConfigurationIsVisible = 0;
			defaultConfigurationName = Release;
		};
/* End XCConfigurationList section */
	};
	rootObject = EF880B3923E274B600068CEC /* Project object */;
}
